
Microsoft Visual Studio Solution File, Format Version 12.00
# Visual Studio Version 17
VisualStudioVersion = 17.11.35327.3
MinimumVisualStudioVersion = 10.0.40219.1
Project("{2150E333-8FDC-42A3-9474-1A3956D46DE8}") = "Task0", "Task0", "{592A1223-D029-468B-9109-FC1333C81ED4}"
EndProject
Project("{9A19103F-16F7-4668-BE54-9A1E7A4F7556}") = "Tyuiu.BelousovaOD.Sprint3.Task0.V1", "Tyuiu.BelousovaOD.Sprint3.Task0.V1\Tyuiu.BelousovaOD.Sprint3.Task0.V1.csproj", "{A3366016-4CB7-4F36-8781-28683454C101}"
EndProject
Project("{9A19103F-16F7-4668-BE54-9A1E7A4F7556}") = "Tyuiu.BelousovaOD.Sprint3.Task0.V1.Lib", "Tyuiu.BelousovaOD.Sprint3.Task0.V1.Lib\Tyuiu.BelousovaOD.Sprint3.Task0.V1.Lib.csproj", "{B83C029F-E2B9-47FB-B580-E1A6B0E02990}"
EndProject
Project("{9A19103F-16F7-4668-BE54-9A1E7A4F7556}") = "Tyuiu.BelousovaOD.Sprint3.Task0.V1.Test", "Tyuiu.BelousovaOD.Sprint3.Task0.V1.Test\Tyuiu.BelousovaOD.Sprint3.Task0.V1.Test.csproj", "{37F89919-167B-4605-9E88-43C5F7AF8ACD}"
EndProject
Project("{2150E333-8FDC-42A3-9474-1A3956D46DE8}") = "Task1", "Task1", "{15EEBCA7-DC07-41CA-92D6-56CED0659846}"
EndProject
Project("{FAE04EC0-301F-11D3-BF4B-00C04F79EFBC}") = "Tyuiu.BelousovaOD.Sprint3.Task1.V28", "Tyuiu.BelousovaOD.Sprint3.Task1.V28\Tyuiu.BelousovaOD.Sprint3.Task1.V28.csproj", "{15FDDC51-EC1F-41D3-A4BC-57720A99D97B}"
EndProject
Project("{FAE04EC0-301F-11D3-BF4B-00C04F79EFBC}") = "Tyuiu.BelousovaOD.Sprint3.Task1.V28.Lib", "Tyuiu.BelousovaOD.Sprint3.Task1.V28.Lib\Tyuiu.BelousovaOD.Sprint3.Task1.V28.Lib.csproj", "{7AB6E6F9-2F79-4850-93D1-2D7E316C2E45}"
EndProject
Project("{FAE04EC0-301F-11D3-BF4B-00C04F79EFBC}") = "Tyuiu.BelousovaOD.Sprint3.Task1.V28.Test", "Tyuiu.BelousovaOD.Sprint3.Task1.V28.Test\Tyuiu.BelousovaOD.Sprint3.Task1.V28.Test.csproj", "{A108B0C8-CC51-4E71-AA5B-D7EF0354497E}"
EndProject
Project("{2150E333-8FDC-42A3-9474-1A3956D46DE8}") = "Task2", "Task2", "{3F13D3DC-202D-491F-B7AC-BC3EEACC754E}"
EndProject
Project("{FAE04EC0-301F-11D3-BF4B-00C04F79EFBC}") = "Tyuiu.BelousovaOD.Sprint3.Task2.V16", "Tyuiu.BelousovaOD.Sprint3.Task2.V16\Tyuiu.BelousovaOD.Sprint3.Task2.V16.csproj", "{055C9F42-D342-472D-8DB3-30C1806B5C7C}"
EndProject
Project("{FAE04EC0-301F-11D3-BF4B-00C04F79EFBC}") = "Tyuiu.BelousovaOD.Sprint3.Task2.V16.Lib", "Tyuiu.BelousovaOD.Sprint3.Task2.V16.Lib\Tyuiu.BelousovaOD.Sprint3.Task2.V16.Lib.csproj", "{75E06BA9-1764-4AE5-822B-44DD9C7A1B54}"
EndProject
Project("{FAE04EC0-301F-11D3-BF4B-00C04F79EFBC}") = "Tyuiu.BelousovaOD.Sprint3.Task2.V16.Test", "Tyuiu.BelousovaOD.Sprint3.Task2.V16.Test\Tyuiu.BelousovaOD.Sprint3.Task2.V16.Test.csproj", "{3DDEAD9B-FE90-4165-94F3-754326669E47}"
EndProject
Project("{2150E333-8FDC-42A3-9474-1A3956D46DE8}") = "Task3", "Task3", "{5436901D-9656-4977-9574-B792173919F4}"
EndProject
Project("{FAE04EC0-301F-11D3-BF4B-00C04F79EFBC}") = "Tyuiu.BelousovaOD.Sprint3.Task3.V13", "Tyuiu.BelousovaOD.Sprint3.Task3.V13\Tyuiu.BelousovaOD.Sprint3.Task3.V13.csproj", "{5F137497-5707-4A50-A812-6FB3432A3C79}"
EndProject
Project("{FAE04EC0-301F-11D3-BF4B-00C04F79EFBC}") = "Tyuiu.BelousovaOD.Sprint3.Task3.V13.Lib", "Tyuiu.BelousovaOD.Sprint3.Task3.V13.Lib\Tyuiu.BelousovaOD.Sprint3.Task3.V13.Lib.csproj", "{ADB8E7AA-012D-4EE4-8DF3-A280E72EAB00}"
EndProject
Project("{FAE04EC0-301F-11D3-BF4B-00C04F79EFBC}") = "Tyuiu.BelousovaOD.Sprint3.Task3.V13.Test", "Tyuiu.BelousovaOD.Sprint3.Task3.V13.Test\Tyuiu.BelousovaOD.Sprint3.Task3.V13.Test.csproj", "{41A711EF-40EF-4837-89CD-5112D4FA5C6F}"
EndProject
Project("{2150E333-8FDC-42A3-9474-1A3956D46DE8}") = "Task4", "Task4", "{C46917FA-BEC2-4C41-A234-53ACAE36E9E2}"
EndProject
Project("{FAE04EC0-301F-11D3-BF4B-00C04F79EFBC}") = "Tyuiu.BelousovaOD.Sprint3.Task4.V18", "Tyuiu.BelousovaOD.Sprint3.Task4.V18\Tyuiu.BelousovaOD.Sprint3.Task4.V18.csproj", "{65B0D723-3C33-4FB5-850A-67FB8AB55D2B}"
EndProject
Project("{FAE04EC0-301F-11D3-BF4B-00C04F79EFBC}") = "Tyuiu.BelousovaOD.Sprint3.Task4.V18.Lib", "Tyuiu.BelousovaOD.Sprint3.Task4.V18.Lib\Tyuiu.BelousovaOD.Sprint3.Task4.V18.Lib.csproj", "{27A66668-06DF-4A3E-8D80-9F9EF8709317}"
EndProject
Project("{FAE04EC0-301F-11D3-BF4B-00C04F79EFBC}") = "Tyuiu.BelousovaOD.Sprint3.Task4.V18.Test", "Tyuiu.BelousovaOD.Sprint3.Task4.V18.Test\Tyuiu.BelousovaOD.Sprint3.Task4.V18.Test.csproj", "{87BD28B6-732C-4954-9DB4-2CF0B15A37C6}"
EndProject
Project("{2150E333-8FDC-42A3-9474-1A3956D46DE8}") = "Task5", "Task5", "{F164C443-1457-4D3B-B111-E31FFF1C671A}"
EndProject
Project("{FAE04EC0-301F-11D3-BF4B-00C04F79EFBC}") = "Tyuiu.BelousovaOD.Sprint3.Task5.V1", "Tyuiu.BelousovaOD.Sprint3.Task5.V1\Tyuiu.BelousovaOD.Sprint3.Task5.V1.csproj", "{404421D5-0387-4885-BDD4-60BBFB68E700}"
EndProject
Project("{FAE04EC0-301F-11D3-BF4B-00C04F79EFBC}") = "Tyuiu.BelousovaOD.Sprint3.Task5.V1.Lib", "Tyuiu.BelousovaOD.Sprint3.Task5.V1.Lib\Tyuiu.BelousovaOD.Sprint3.Task5.V1.Lib.csproj", "{983F36AF-7F59-47DA-8C65-FDA313548124}"
EndProject
Project("{FAE04EC0-301F-11D3-BF4B-00C04F79EFBC}") = "Tyuiu.BelousovaOD.Sprint3.Task5.V1.Test", "Tyuiu.BelousovaOD.Sprint3.Task5.V1.Test\Tyuiu.BelousovaOD.Sprint3.Task5.V1.Test.csproj", "{2C13653C-7AEC-496D-957A-0228AB30CD8B}"
EndProject
Project("{2150E333-8FDC-42A3-9474-1A3956D46DE8}") = "Task6", "Task6", "{AF4990F0-7907-413A-9F16-E7F0D5A1F353}"
EndProject
Project("{FAE04EC0-301F-11D3-BF4B-00C04F79EFBC}") = "Tyuiu.BelousovaOD.Sprint3.Task6.V6", "Tyuiu.BelousovaOD.Sprint3.Task6.V6\Tyuiu.BelousovaOD.Sprint3.Task6.V6.csproj", "{E0900C2D-2CC9-4E6F-B00A-8B9A0932F45E}"
EndProject
Project("{FAE04EC0-301F-11D3-BF4B-00C04F79EFBC}") = "Tyuiu.BelousovaOD.Sprint3.Task6.V6.Lib", "Tyuiu.BelousovaOD.Sprint3.Task6.V6.Lib\Tyuiu.BelousovaOD.Sprint3.Task6.V6.Lib.csproj", "{165E7100-A375-4FA7-843E-7AB8FC1F1E9A}"
EndProject
Project("{FAE04EC0-301F-11D3-BF4B-00C04F79EFBC}") = "Tyuiu.BelousovaOD.Sprint3.Task6.V6.Test", "Tyuiu.BelousovaOD.Sprint3.Task6.V6.Test\Tyuiu.BelousovaOD.Sprint3.Task6.V6.Test.csproj", "{E1DCDABE-B34D-41DE-9089-4C1A2E74B3A6}"
EndProject
Project("{2150E333-8FDC-42A3-9474-1A3956D46DE8}") = "Task7", "Task7", "{66E49058-AAB0-4F5C-B8B9-44936DA0C075}"
EndProject
Project("{FAE04EC0-301F-11D3-BF4B-00C04F79EFBC}") = "Tyuiu.BelousovaOD.Sprint3.Task7.V19", "Tyuiu.BelousovaOD.Sprint3.Task7.V19\Tyuiu.BelousovaOD.Sprint3.Task7.V19.csproj", "{BB20D528-613E-4054-9ABF-8E9A2D6B5D32}"
EndProject
Project("{FAE04EC0-301F-11D3-BF4B-00C04F79EFBC}") = "Tyuiu.BelousovaOD.Sprint3.Task7.V19.Lib", "Tyuiu.BelousovaOD.Sprint3.Task7.V19.Lib\Tyuiu.BelousovaOD.Sprint3.Task7.V19.Lib.csproj", "{51157199-70C5-4D9F-A88D-F48092071527}"
EndProject
Project("{FAE04EC0-301F-11D3-BF4B-00C04F79EFBC}") = "Tyuiu.BelousovaOD.Sprint3.Task7.V19.Test", "Tyuiu.BelousovaOD.Sprint3.Task7.V19.Test\Tyuiu.BelousovaOD.Sprint3.Task7.V19.Test.csproj", "{3755866E-703C-4FD4-B0BC-975BCEB5E8FA}"
EndProject
Global
	GlobalSection(SolutionConfigurationPlatforms) = preSolution
		Debug|Any CPU = Debug|Any CPU
		Release|Any CPU = Release|Any CPU
	EndGlobalSection
	GlobalSection(ProjectConfigurationPlatforms) = postSolution
		{A3366016-4CB7-4F36-8781-28683454C101}.Debug|Any CPU.ActiveCfg = Debug|Any CPU
		{A3366016-4CB7-4F36-8781-28683454C101}.Debug|Any CPU.Build.0 = Debug|Any CPU
		{A3366016-4CB7-4F36-8781-28683454C101}.Release|Any CPU.ActiveCfg = Release|Any CPU
		{A3366016-4CB7-4F36-8781-28683454C101}.Release|Any CPU.Build.0 = Release|Any CPU
		{B83C029F-E2B9-47FB-B580-E1A6B0E02990}.Debug|Any CPU.ActiveCfg = Debug|Any CPU
		{B83C029F-E2B9-47FB-B580-E1A6B0E02990}.Debug|Any CPU.Build.0 = Debug|Any CPU
		{B83C029F-E2B9-47FB-B580-E1A6B0E02990}.Release|Any CPU.ActiveCfg = Release|Any CPU
		{B83C029F-E2B9-47FB-B580-E1A6B0E02990}.Release|Any CPU.Build.0 = Release|Any CPU
		{37F89919-167B-4605-9E88-43C5F7AF8ACD}.Debug|Any CPU.ActiveCfg = Debug|Any CPU
		{37F89919-167B-4605-9E88-43C5F7AF8ACD}.Debug|Any CPU.Build.0 = Debug|Any CPU
		{37F89919-167B-4605-9E88-43C5F7AF8ACD}.Release|Any CPU.ActiveCfg = Release|Any CPU
		{37F89919-167B-4605-9E88-43C5F7AF8ACD}.Release|Any CPU.Build.0 = Release|Any CPU
		{15FDDC51-EC1F-41D3-A4BC-57720A99D97B}.Debug|Any CPU.ActiveCfg = Debug|Any CPU
		{15FDDC51-EC1F-41D3-A4BC-57720A99D97B}.Debug|Any CPU.Build.0 = Debug|Any CPU
		{15FDDC51-EC1F-41D3-A4BC-57720A99D97B}.Release|Any CPU.ActiveCfg = Release|Any CPU
		{15FDDC51-EC1F-41D3-A4BC-57720A99D97B}.Release|Any CPU.Build.0 = Release|Any CPU
		{7AB6E6F9-2F79-4850-93D1-2D7E316C2E45}.Debug|Any CPU.ActiveCfg = Debug|Any CPU
		{7AB6E6F9-2F79-4850-93D1-2D7E316C2E45}.Debug|Any CPU.Build.0 = Debug|Any CPU
		{7AB6E6F9-2F79-4850-93D1-2D7E316C2E45}.Release|Any CPU.ActiveCfg = Release|Any CPU
		{7AB6E6F9-2F79-4850-93D1-2D7E316C2E45}.Release|Any CPU.Build.0 = Release|Any CPU
		{A108B0C8-CC51-4E71-AA5B-D7EF0354497E}.Debug|Any CPU.ActiveCfg = Debug|Any CPU
		{A108B0C8-CC51-4E71-AA5B-D7EF0354497E}.Debug|Any CPU.Build.0 = Debug|Any CPU
		{A108B0C8-CC51-4E71-AA5B-D7EF0354497E}.Release|Any CPU.ActiveCfg = Release|Any CPU
		{A108B0C8-CC51-4E71-AA5B-D7EF0354497E}.Release|Any CPU.Build.0 = Release|Any CPU
		{055C9F42-D342-472D-8DB3-30C1806B5C7C}.Debug|Any CPU.ActiveCfg = Debug|Any CPU
		{055C9F42-D342-472D-8DB3-30C1806B5C7C}.Debug|Any CPU.Build.0 = Debug|Any CPU
		{055C9F42-D342-472D-8DB3-30C1806B5C7C}.Release|Any CPU.ActiveCfg = Release|Any CPU
		{055C9F42-D342-472D-8DB3-30C1806B5C7C}.Release|Any CPU.Build.0 = Release|Any CPU
		{75E06BA9-1764-4AE5-822B-44DD9C7A1B54}.Debug|Any CPU.ActiveCfg = Debug|Any CPU
		{75E06BA9-1764-4AE5-822B-44DD9C7A1B54}.Debug|Any CPU.Build.0 = Debug|Any CPU
		{75E06BA9-1764-4AE5-822B-44DD9C7A1B54}.Release|Any CPU.ActiveCfg = Release|Any CPU
		{75E06BA9-1764-4AE5-822B-44DD9C7A1B54}.Release|Any CPU.Build.0 = Release|Any CPU
		{3DDEAD9B-FE90-4165-94F3-754326669E47}.Debug|Any CPU.ActiveCfg = Debug|Any CPU
		{3DDEAD9B-FE90-4165-94F3-754326669E47}.Debug|Any CPU.Build.0 = Debug|Any CPU
		{3DDEAD9B-FE90-4165-94F3-754326669E47}.Release|Any CPU.ActiveCfg = Release|Any CPU
		{3DDEAD9B-FE90-4165-94F3-754326669E47}.Release|Any CPU.Build.0 = Release|Any CPU
		{5F137497-5707-4A50-A812-6FB3432A3C79}.Debug|Any CPU.ActiveCfg = Debug|Any CPU
		{5F137497-5707-4A50-A812-6FB3432A3C79}.Debug|Any CPU.Build.0 = Debug|Any CPU
		{5F137497-5707-4A50-A812-6FB3432A3C79}.Release|Any CPU.ActiveCfg = Release|Any CPU
		{5F137497-5707-4A50-A812-6FB3432A3C79}.Release|Any CPU.Build.0 = Release|Any CPU
		{ADB8E7AA-012D-4EE4-8DF3-A280E72EAB00}.Debug|Any CPU.ActiveCfg = Debug|Any CPU
		{ADB8E7AA-012D-4EE4-8DF3-A280E72EAB00}.Debug|Any CPU.Build.0 = Debug|Any CPU
		{ADB8E7AA-012D-4EE4-8DF3-A280E72EAB00}.Release|Any CPU.ActiveCfg = Release|Any CPU
		{ADB8E7AA-012D-4EE4-8DF3-A280E72EAB00}.Release|Any CPU.Build.0 = Release|Any CPU
		{41A711EF-40EF-4837-89CD-5112D4FA5C6F}.Debug|Any CPU.ActiveCfg = Debug|Any CPU
		{41A711EF-40EF-4837-89CD-5112D4FA5C6F}.Debug|Any CPU.Build.0 = Debug|Any CPU
		{41A711EF-40EF-4837-89CD-5112D4FA5C6F}.Release|Any CPU.ActiveCfg = Release|Any CPU
		{41A711EF-40EF-4837-89CD-5112D4FA5C6F}.Release|Any CPU.Build.0 = Release|Any CPU
		{65B0D723-3C33-4FB5-850A-67FB8AB55D2B}.Debug|Any CPU.ActiveCfg = Debug|Any CPU
		{65B0D723-3C33-4FB5-850A-67FB8AB55D2B}.Debug|Any CPU.Build.0 = Debug|Any CPU
		{65B0D723-3C33-4FB5-850A-67FB8AB55D2B}.Release|Any CPU.ActiveCfg = Release|Any CPU
		{65B0D723-3C33-4FB5-850A-67FB8AB55D2B}.Release|Any CPU.Build.0 = Release|Any CPU
		{27A66668-06DF-4A3E-8D80-9F9EF8709317}.Debug|Any CPU.ActiveCfg = Debug|Any CPU
		{27A66668-06DF-4A3E-8D80-9F9EF8709317}.Debug|Any CPU.Build.0 = Debug|Any CPU
		{27A66668-06DF-4A3E-8D80-9F9EF8709317}.Release|Any CPU.ActiveCfg = Release|Any CPU
		{27A66668-06DF-4A3E-8D80-9F9EF8709317}.Release|Any CPU.Build.0 = Release|Any CPU
		{87BD28B6-732C-4954-9DB4-2CF0B15A37C6}.Debug|Any CPU.ActiveCfg = Debug|Any CPU
		{87BD28B6-732C-4954-9DB4-2CF0B15A37C6}.Debug|Any CPU.Build.0 = Debug|Any CPU
		{87BD28B6-732C-4954-9DB4-2CF0B15A37C6}.Release|Any CPU.ActiveCfg = Release|Any CPU
		{87BD28B6-732C-4954-9DB4-2CF0B15A37C6}.Release|Any CPU.Build.0 = Release|Any CPU
		{404421D5-0387-4885-BDD4-60BBFB68E700}.Debug|Any CPU.ActiveCfg = Debug|Any CPU
		{404421D5-0387-4885-BDD4-60BBFB68E700}.Debug|Any CPU.Build.0 = Debug|Any CPU
		{404421D5-0387-4885-BDD4-60BBFB68E700}.Release|Any CPU.ActiveCfg = Release|Any CPU
		{404421D5-0387-4885-BDD4-60BBFB68E700}.Release|Any CPU.Build.0 = Release|Any CPU
		{983F36AF-7F59-47DA-8C65-FDA313548124}.Debug|Any CPU.ActiveCfg = Debug|Any CPU
		{983F36AF-7F59-47DA-8C65-FDA313548124}.Debug|Any CPU.Build.0 = Debug|Any CPU
		{983F36AF-7F59-47DA-8C65-FDA313548124}.Release|Any CPU.ActiveCfg = Release|Any CPU
		{983F36AF-7F59-47DA-8C65-FDA313548124}.Release|Any CPU.Build.0 = Release|Any CPU
		{2C13653C-7AEC-496D-957A-0228AB30CD8B}.Debug|Any CPU.ActiveCfg = Debug|Any CPU
		{2C13653C-7AEC-496D-957A-0228AB30CD8B}.Debug|Any CPU.Build.0 = Debug|Any CPU
		{2C13653C-7AEC-496D-957A-0228AB30CD8B}.Release|Any CPU.ActiveCfg = Release|Any CPU
		{2C13653C-7AEC-496D-957A-0228AB30CD8B}.Release|Any CPU.Build.0 = Release|Any CPU
		{E0900C2D-2CC9-4E6F-B00A-8B9A0932F45E}.Debug|Any CPU.ActiveCfg = Debug|Any CPU
		{E0900C2D-2CC9-4E6F-B00A-8B9A0932F45E}.Debug|Any CPU.Build.0 = Debug|Any CPU
		{E0900C2D-2CC9-4E6F-B00A-8B9A0932F45E}.Release|Any CPU.ActiveCfg = Release|Any CPU
		{E0900C2D-2CC9-4E6F-B00A-8B9A0932F45E}.Release|Any CPU.Build.0 = Release|Any CPU
		{165E7100-A375-4FA7-843E-7AB8FC1F1E9A}.Debug|Any CPU.ActiveCfg = Debug|Any CPU
		{165E7100-A375-4FA7-843E-7AB8FC1F1E9A}.Debug|Any CPU.Build.0 = Debug|Any CPU
		{165E7100-A375-4FA7-843E-7AB8FC1F1E9A}.Release|Any CPU.ActiveCfg = Release|Any CPU
		{165E7100-A375-4FA7-843E-7AB8FC1F1E9A}.Release|Any CPU.Build.0 = Release|Any CPU
		{E1DCDABE-B34D-41DE-9089-4C1A2E74B3A6}.Debug|Any CPU.ActiveCfg = Debug|Any CPU
		{E1DCDABE-B34D-41DE-9089-4C1A2E74B3A6}.Debug|Any CPU.Build.0 = Debug|Any CPU
		{E1DCDABE-B34D-41DE-9089-4C1A2E74B3A6}.Release|Any CPU.ActiveCfg = Release|Any CPU
		{E1DCDABE-B34D-41DE-9089-4C1A2E74B3A6}.Release|Any CPU.Build.0 = Release|Any CPU
		{BB20D528-613E-4054-9ABF-8E9A2D6B5D32}.Debug|Any CPU.ActiveCfg = Debug|Any CPU
		{BB20D528-613E-4054-9ABF-8E9A2D6B5D32}.Debug|Any CPU.Build.0 = Debug|Any CPU
		{BB20D528-613E-4054-9ABF-8E9A2D6B5D32}.Release|Any CPU.ActiveCfg = Release|Any CPU
		{BB20D528-613E-4054-9ABF-8E9A2D6B5D32}.Release|Any CPU.Build.0 = Release|Any CPU
		{51157199-70C5-4D9F-A88D-F48092071527}.Debug|Any CPU.ActiveCfg = Debug|Any CPU
		{51157199-70C5-4D9F-A88D-F48092071527}.Debug|Any CPU.Build.0 = Debug|Any CPU
		{51157199-70C5-4D9F-A88D-F48092071527}.Release|Any CPU.ActiveCfg = Release|Any CPU
		{51157199-70C5-4D9F-A88D-F48092071527}.Release|Any CPU.Build.0 = Release|Any CPU
		{3755866E-703C-4FD4-B0BC-975BCEB5E8FA}.Debug|Any CPU.ActiveCfg = Debug|Any CPU
		{3755866E-703C-4FD4-B0BC-975BCEB5E8FA}.Debug|Any CPU.Build.0 = Debug|Any CPU
		{3755866E-703C-4FD4-B0BC-975BCEB5E8FA}.Release|Any CPU.ActiveCfg = Release|Any CPU
		{3755866E-703C-4FD4-B0BC-975BCEB5E8FA}.Release|Any CPU.Build.0 = Release|Any CPU
	EndGlobalSection
	GlobalSection(SolutionProperties) = preSolution
		HideSolutionNode = FALSE
	EndGlobalSection
	GlobalSection(NestedProjects) = preSolution
		{A3366016-4CB7-4F36-8781-28683454C101} = {592A1223-D029-468B-9109-FC1333C81ED4}
		{B83C029F-E2B9-47FB-B580-E1A6B0E02990} = {592A1223-D029-468B-9109-FC1333C81ED4}
		{37F89919-167B-4605-9E88-43C5F7AF8ACD} = {592A1223-D029-468B-9109-FC1333C81ED4}
		{15FDDC51-EC1F-41D3-A4BC-57720A99D97B} = {15EEBCA7-DC07-41CA-92D6-56CED0659846}
		{7AB6E6F9-2F79-4850-93D1-2D7E316C2E45} = {15EEBCA7-DC07-41CA-92D6-56CED0659846}
		{A108B0C8-CC51-4E71-AA5B-D7EF0354497E} = {15EEBCA7-DC07-41CA-92D6-56CED0659846}
		{055C9F42-D342-472D-8DB3-30C1806B5C7C} = {3F13D3DC-202D-491F-B7AC-BC3EEACC754E}
		{75E06BA9-1764-4AE5-822B-44DD9C7A1B54} = {3F13D3DC-202D-491F-B7AC-BC3EEACC754E}
		{3DDEAD9B-FE90-4165-94F3-754326669E47} = {3F13D3DC-202D-491F-B7AC-BC3EEACC754E}
		{5F137497-5707-4A50-A812-6FB3432A3C79} = {5436901D-9656-4977-9574-B792173919F4}
		{ADB8E7AA-012D-4EE4-8DF3-A280E72EAB00} = {5436901D-9656-4977-9574-B792173919F4}
		{41A711EF-40EF-4837-89CD-5112D4FA5C6F} = {5436901D-9656-4977-9574-B792173919F4}
		{65B0D723-3C33-4FB5-850A-67FB8AB55D2B} = {C46917FA-BEC2-4C41-A234-53ACAE36E9E2}
		{27A66668-06DF-4A3E-8D80-9F9EF8709317} = {C46917FA-BEC2-4C41-A234-53ACAE36E9E2}
		{87BD28B6-732C-4954-9DB4-2CF0B15A37C6} = {C46917FA-BEC2-4C41-A234-53ACAE36E9E2}
		{404421D5-0387-4885-BDD4-60BBFB68E700} = {F164C443-1457-4D3B-B111-E31FFF1C671A}
		{983F36AF-7F59-47DA-8C65-FDA313548124} = {F164C443-1457-4D3B-B111-E31FFF1C671A}
		{2C13653C-7AEC-496D-957A-0228AB30CD8B} = {F164C443-1457-4D3B-B111-E31FFF1C671A}
		{E0900C2D-2CC9-4E6F-B00A-8B9A0932F45E} = {AF4990F0-7907-413A-9F16-E7F0D5A1F353}
		{165E7100-A375-4FA7-843E-7AB8FC1F1E9A} = {AF4990F0-7907-413A-9F16-E7F0D5A1F353}
		{E1DCDABE-B34D-41DE-9089-4C1A2E74B3A6} = {AF4990F0-7907-413A-9F16-E7F0D5A1F353}
		{BB20D528-613E-4054-9ABF-8E9A2D6B5D32} = {66E49058-AAB0-4F5C-B8B9-44936DA0C075}
		{51157199-70C5-4D9F-A88D-F48092071527} = {66E49058-AAB0-4F5C-B8B9-44936DA0C075}
		{3755866E-703C-4FD4-B0BC-975BCEB5E8FA} = {66E49058-AAB0-4F5C-B8B9-44936DA0C075}
	EndGlobalSection
	GlobalSection(ExtensibilityGlobals) = postSolution
		SolutionGuid = {E05EFD4D-B049-42E0-BC4F-60B60E413118}
	EndGlobalSection
EndGlobal
